
Microsoft Visual Studio Solution File, Format Version 12.00
# Visual Studio Version 17
VisualStudioVersion = 17.0.31903.59
MinimumVisualStudioVersion = 10.0.40219.1
Project("{2150E333-8FDC-42A3-9474-1A3956D46DE8}") = "src", "src", "{DF9B7055-5877-4D7F-A0C5-2D6D05B8507E}"
EndProject
Project("{FAE04EC0-301F-11D3-BF4B-00C04F79EFBC}") = "GrpcManutencao", "src\GrpcManutencao\GrpcManutencao.csproj", "{6C3D296A-C456-46D0-9098-39C2D72BC9AA}"
EndProject
Global
	GlobalSection(SolutionConfigurationPlatforms) = preSolution
		Debug|Any CPU = Debug|Any CPU
		Release|Any CPU = Release|Any CPU
	EndGlobalSection
	GlobalSection(SolutionProperties) = preSolution
		HideSolutionNode = FALSE
	EndGlobalSection
	GlobalSection(ProjectConfigurationPlatforms) = postSolution
		{6C3D296A-C456-46D0-9098-39C2D72BC9AA}.Debug|Any CPU.ActiveCfg = Debug|Any CPU
		{6C3D296A-C456-46D0-9098-39C2D72BC9AA}.Debug|Any CPU.Build.0 = Debug|Any CPU
		{6C3D296A-C456-46D0-9098-39C2D72BC9AA}.Release|Any CPU.ActiveCfg = Release|Any CPU
		{6C3D296A-C456-46D0-9098-39C2D72BC9AA}.Release|Any CPU.Build.0 = Release|Any CPU
	EndGlobalSection
	GlobalSection(NestedProjects) = preSolution
		{6C3D296A-C456-46D0-9098-39C2D72BC9AA} = {DF9B7055-5877-4D7F-A0C5-2D6D05B8507E}
	EndGlobalSection
EndGlobal
